{
  "name": "expenseTracker",
  "lockfileVersion": 3,
  "requires": true,
  "packages": {
    "": {
      "dependencies": {
        "pay.js": "^0.1.0"
      }
    },
    "node_modules/pay.js": {
      "version": "0.1.0",
      "resolved": "https://registry.npmjs.org/pay.js/-/pay.js-0.1.0.tgz",
      "integrity": "sha512-moQRGInbjj3DPmxlo3zSQaDw+b0wZyqzQh2bJZgPkiJE7Ksik0C0GWlZgX35jdaMtN2H39PHThcN+NklFqmkfw=="
    }
  }
}
